
Microsoft Visual Studio Solution File, Format Version 12.00
# Visual Studio Version 17
VisualStudioVersion = 17.13.35931.197 d17.13
MinimumVisualStudioVersion = 10.0.40219.1
Project("{FAE04EC0-301F-11D3-BF4B-00C04F79EFBC}") = "ClipShare", "ClipShare\ClipShare.csproj", "{3246C0D8-0135-40A9-ABF2-DE52A970505C}"
EndProject
Project("{FAE04EC0-301F-11D3-BF4B-00C04F79EFBC}") = "ClipShare.Core", "ClipShare.Core\ClipShare.Core.csproj", "{22074B7B-1180-40FE-B52D-F370FDDF8C8F}"
EndProject
Project("{FAE04EC0-301F-11D3-BF4B-00C04F79EFBC}") = "ClipShare.DataAcces", "ClipShare.DataAcces\ClipShare.DataAcces.csproj", "{ACED2286-7F93-4E5E-8169-BF2EB326AA0D}"
EndProject
Global
	GlobalSection(SolutionConfigurationPlatforms) = preSolution
		Debug|Any CPU = Debug|Any CPU
		Release|Any CPU = Release|Any CPU
	EndGlobalSection
	GlobalSection(ProjectConfigurationPlatforms) = postSolution
		{3246C0D8-0135-40A9-ABF2-DE52A970505C}.Debug|Any CPU.ActiveCfg = Debug|Any CPU
		{3246C0D8-0135-40A9-ABF2-DE52A970505C}.Debug|Any CPU.Build.0 = Debug|Any CPU
		{3246C0D8-0135-40A9-ABF2-DE52A970505C}.Release|Any CPU.ActiveCfg = Release|Any CPU
		{3246C0D8-0135-40A9-ABF2-DE52A970505C}.Release|Any CPU.Build.0 = Release|Any CPU
		{22074B7B-1180-40FE-B52D-F370FDDF8C8F}.Debug|Any CPU.ActiveCfg = Debug|Any CPU
		{22074B7B-1180-40FE-B52D-F370FDDF8C8F}.Debug|Any CPU.Build.0 = Debug|Any CPU
		{22074B7B-1180-40FE-B52D-F370FDDF8C8F}.Release|Any CPU.ActiveCfg = Release|Any CPU
		{22074B7B-1180-40FE-B52D-F370FDDF8C8F}.Release|Any CPU.Build.0 = Release|Any CPU
		{ACED2286-7F93-4E5E-8169-BF2EB326AA0D}.Debug|Any CPU.ActiveCfg = Debug|Any CPU
		{ACED2286-7F93-4E5E-8169-BF2EB326AA0D}.Debug|Any CPU.Build.0 = Debug|Any CPU
		{ACED2286-7F93-4E5E-8169-BF2EB326AA0D}.Release|Any CPU.ActiveCfg = Release|Any CPU
		{ACED2286-7F93-4E5E-8169-BF2EB326AA0D}.Release|Any CPU.Build.0 = Release|Any CPU
	EndGlobalSection
	GlobalSection(SolutionProperties) = preSolution
		HideSolutionNode = FALSE
	EndGlobalSection
	GlobalSection(ExtensibilityGlobals) = postSolution
		SolutionGuid = {8F7C0BF6-DCA6-4B0D-98E1-65BE987A24ED}
	EndGlobalSection
EndGlobal
